version: '1.0'
metadata:
  name: DXT1/BC1 Block
  description: Analysis schema for DXT1/BC1 compressed texture block format
conditional_offsets:
  - offset: 0x80  # DXT1 data starts at 128 bytes
    conditions:
      - byte_offset: 0x00  # file magic
        bit_offset: 0
        bits: 32
        value: 0x44445320  # DDS magic

      - byte_offset: 0x54  # fourCC field position
        bit_offset: 0
        bits: 32
        value: 0x44585431  # 'DXT1' fourCC code
analysis:
  split_groups:
    - name: split_colors
      group_1: [colors]          # Base group to compare against.
      group_2: [color0, color1]  # Derived group to compare with.
      description: Compare regular interleaved colour format `colors` against their split components `color0` and `color1`.

root:
  type: group
  fields:
    colors:
      type: group
      fields:
        color0:   
          type: group
          description: First RGB565 color value
          fields:
            r0: 5  # Red component
            g0: 6  # Green component
            b0: 5  # Blue component
        
        color1:
          type: group
          description: Second RGB565 color value
          fields:
            r1: 5  # Red component
            g1: 6  # Green component
            b1: 5  # Blue component
    
    indices:
      type: group
      description: 2-bit indices for each texel (4x4 block = 16 texels)
      fields:
        index0: 2
        index1: 2
        index2: 2
        index3: 2
        index4: 2
        index5: 2
        index6: 2
        index7: 2
        index8: 2
        index9: 2
        index10: 2
        index11: 2
        index12: 2
        index13: 2
        index14: 2
        index15: 2